
Microsoft Visual Studio Solution File, Format Version 12.00
# Visual Studio 2013
VisualStudioVersion = 12.0.21005.1
MinimumVisualStudioVersion = 10.0.40219.1
Project("{FAE04EC0-301F-11D3-BF4B-00C04F79EFBC}") = "TG.Example.View", "TG.Example.View\TG.Example.View.csproj", "{1B872863-0F92-428E-A80F-B5E48A2ABB9A}"
EndProject
Project("{FAE04EC0-301F-11D3-BF4B-00C04F79EFBC}") = "TG.Example", "TG.Base\TG.Example.csproj", "{0E304481-B41E-49FF-B724-6FBA4916269B}"
EndProject
Project("{2150E333-8FDC-42A3-9474-1A3956D46DE8}") = ".nuget", ".nuget", "{1DC10659-2B9A-403C-88F8-8AC39125E951}"
	ProjectSection(SolutionItems) = preProject
		.nuget\packages.config = .nuget\packages.config
	EndProjectSection
EndProject
Project("{FAE04EC0-301F-11D3-BF4B-00C04F79EFBC}") = "TG.Example.Test", "TG.Example.Test\TG.Example.Test.csproj", "{2E3DF5C2-8A38-4A03-86D7-8D463C917E47}"
EndProject
Project("{FAE04EC0-301F-11D3-BF4B-00C04F79EFBC}") = "TG.Example.Console", "TG.Example.Console\TG.Example.Console.csproj", "{09C8D332-E60B-47AB-8F50-99D5590598AC}"
EndProject
Global
	GlobalSection(SolutionConfigurationPlatforms) = preSolution
		Debug|Any CPU = Debug|Any CPU
		Release|Any CPU = Release|Any CPU
	EndGlobalSection
	GlobalSection(ProjectConfigurationPlatforms) = postSolution
		{1B872863-0F92-428E-A80F-B5E48A2ABB9A}.Debug|Any CPU.ActiveCfg = Debug|Any CPU
		{1B872863-0F92-428E-A80F-B5E48A2ABB9A}.Debug|Any CPU.Build.0 = Debug|Any CPU
		{1B872863-0F92-428E-A80F-B5E48A2ABB9A}.Release|Any CPU.ActiveCfg = Release|Any CPU
		{1B872863-0F92-428E-A80F-B5E48A2ABB9A}.Release|Any CPU.Build.0 = Release|Any CPU
		{0E304481-B41E-49FF-B724-6FBA4916269B}.Debug|Any CPU.ActiveCfg = Debug|Any CPU
		{0E304481-B41E-49FF-B724-6FBA4916269B}.Debug|Any CPU.Build.0 = Debug|Any CPU
		{0E304481-B41E-49FF-B724-6FBA4916269B}.Release|Any CPU.ActiveCfg = Release|Any CPU
		{0E304481-B41E-49FF-B724-6FBA4916269B}.Release|Any CPU.Build.0 = Release|Any CPU
		{2E3DF5C2-8A38-4A03-86D7-8D463C917E47}.Debug|Any CPU.ActiveCfg = Debug|Any CPU
		{2E3DF5C2-8A38-4A03-86D7-8D463C917E47}.Debug|Any CPU.Build.0 = Debug|Any CPU
		{2E3DF5C2-8A38-4A03-86D7-8D463C917E47}.Release|Any CPU.ActiveCfg = Release|Any CPU
		{2E3DF5C2-8A38-4A03-86D7-8D463C917E47}.Release|Any CPU.Build.0 = Release|Any CPU
		{09C8D332-E60B-47AB-8F50-99D5590598AC}.Debug|Any CPU.ActiveCfg = Debug|Any CPU
		{09C8D332-E60B-47AB-8F50-99D5590598AC}.Debug|Any CPU.Build.0 = Debug|Any CPU
		{09C8D332-E60B-47AB-8F50-99D5590598AC}.Release|Any CPU.ActiveCfg = Release|Any CPU
		{09C8D332-E60B-47AB-8F50-99D5590598AC}.Release|Any CPU.Build.0 = Release|Any CPU
	EndGlobalSection
	GlobalSection(SolutionProperties) = preSolution
		HideSolutionNode = FALSE
	EndGlobalSection
EndGlobal
