
Microsoft Visual Studio Solution File, Format Version 12.00
# Visual Studio 2012
Project("{FAE04EC0-301F-11D3-BF4B-00C04F79EFBC}") = "EG.WeChat.Web", "EG.WeChat.Web\EG.WeChat.Web.csproj", "{9A4E286B-FE2C-4985-AFBC-FA1A598F97C1}"
EndProject
Project("{FAE04EC0-301F-11D3-BF4B-00C04F79EFBC}") = "EG.WeChat.Business", "EG.WeChat.Business\EG.WeChat.Business.csproj", "{9ADB79CC-ED42-4D09-83E3-A237CABFAA8F}"
EndProject
Project("{FAE04EC0-301F-11D3-BF4B-00C04F79EFBC}") = "EG.WeChat.Platform", "EG.WeChat.Platform\EG.WeChat.Platform.csproj", "{B886AEA1-0B4A-4F1A-A208-64C9DD720FC3}"
EndProject
Project("{FAE04EC0-301F-11D3-BF4B-00C04F79EFBC}") = "EG.WeChat.Utility", "..\TG.Utility\EG.WeChat.Utility\EG.WeChat.Utility.csproj", "{39A42F72-3AD0-4F56-A577-41074CE37FE1}"
EndProject
Project("{2150E333-8FDC-42A3-9474-1A3956D46DE8}") = "EG.WeChat", "EG.WeChat", "{7833C5C3-8B75-4391-9218-0198B3D28AEC}"
EndProject
Project("{2150E333-8FDC-42A3-9474-1A3956D46DE8}") = "TG.Utility", "TG.Utility", "{ABA7303E-1887-4681-8A0F-26552E6D4EBD}"
EndProject
Project("{2150E333-8FDC-42A3-9474-1A3956D46DE8}") = "MVC", "MVC", "{170F3A33-9AE7-4E9B-B254-C7ED51B362F5}"
EndProject
Project("{2150E333-8FDC-42A3-9474-1A3956D46DE8}") = "BL", "BL", "{16569804-3C45-4D7E-857D-171287FBC963}"
EndProject
Global
	GlobalSection(SolutionConfigurationPlatforms) = preSolution
		Debug|Any CPU = Debug|Any CPU
		Publishes|Any CPU = Publishes|Any CPU
		Release|Any CPU = Release|Any CPU
	EndGlobalSection
	GlobalSection(ProjectConfigurationPlatforms) = postSolution
		{9A4E286B-FE2C-4985-AFBC-FA1A598F97C1}.Debug|Any CPU.ActiveCfg = Debug|Any CPU
		{9A4E286B-FE2C-4985-AFBC-FA1A598F97C1}.Debug|Any CPU.Build.0 = Debug|Any CPU
		{9A4E286B-FE2C-4985-AFBC-FA1A598F97C1}.Publishes|Any CPU.ActiveCfg = Publishes|Any CPU
		{9A4E286B-FE2C-4985-AFBC-FA1A598F97C1}.Publishes|Any CPU.Build.0 = Publishes|Any CPU
		{9A4E286B-FE2C-4985-AFBC-FA1A598F97C1}.Release|Any CPU.ActiveCfg = Publishes|Any CPU
		{9A4E286B-FE2C-4985-AFBC-FA1A598F97C1}.Release|Any CPU.Build.0 = Publishes|Any CPU
		{9ADB79CC-ED42-4D09-83E3-A237CABFAA8F}.Debug|Any CPU.ActiveCfg = Debug|Any CPU
		{9ADB79CC-ED42-4D09-83E3-A237CABFAA8F}.Debug|Any CPU.Build.0 = Debug|Any CPU
		{9ADB79CC-ED42-4D09-83E3-A237CABFAA8F}.Publishes|Any CPU.ActiveCfg = Debug|Any CPU
		{9ADB79CC-ED42-4D09-83E3-A237CABFAA8F}.Publishes|Any CPU.Build.0 = Debug|Any CPU
		{9ADB79CC-ED42-4D09-83E3-A237CABFAA8F}.Release|Any CPU.ActiveCfg = Debug|Any CPU
		{9ADB79CC-ED42-4D09-83E3-A237CABFAA8F}.Release|Any CPU.Build.0 = Debug|Any CPU
		{B886AEA1-0B4A-4F1A-A208-64C9DD720FC3}.Debug|Any CPU.ActiveCfg = Debug|Any CPU
		{B886AEA1-0B4A-4F1A-A208-64C9DD720FC3}.Debug|Any CPU.Build.0 = Debug|Any CPU
		{B886AEA1-0B4A-4F1A-A208-64C9DD720FC3}.Publishes|Any CPU.ActiveCfg = Release|Any CPU
		{B886AEA1-0B4A-4F1A-A208-64C9DD720FC3}.Publishes|Any CPU.Build.0 = Release|Any CPU
		{B886AEA1-0B4A-4F1A-A208-64C9DD720FC3}.Release|Any CPU.ActiveCfg = Release|Any CPU
		{B886AEA1-0B4A-4F1A-A208-64C9DD720FC3}.Release|Any CPU.Build.0 = Release|Any CPU
		{39A42F72-3AD0-4F56-A577-41074CE37FE1}.Debug|Any CPU.ActiveCfg = Debug|Any CPU
		{39A42F72-3AD0-4F56-A577-41074CE37FE1}.Debug|Any CPU.Build.0 = Debug|Any CPU
		{39A42F72-3AD0-4F56-A577-41074CE37FE1}.Publishes|Any CPU.ActiveCfg = Release|Any CPU
		{39A42F72-3AD0-4F56-A577-41074CE37FE1}.Publishes|Any CPU.Build.0 = Release|Any CPU
		{39A42F72-3AD0-4F56-A577-41074CE37FE1}.Release|Any CPU.ActiveCfg = Release|Any CPU
		{39A42F72-3AD0-4F56-A577-41074CE37FE1}.Release|Any CPU.Build.0 = Release|Any CPU
	EndGlobalSection
	GlobalSection(SolutionProperties) = preSolution
		HideSolutionNode = FALSE
	EndGlobalSection
	GlobalSection(NestedProjects) = preSolution
		{170F3A33-9AE7-4E9B-B254-C7ED51B362F5} = {7833C5C3-8B75-4391-9218-0198B3D28AEC}
		{16569804-3C45-4D7E-857D-171287FBC963} = {7833C5C3-8B75-4391-9218-0198B3D28AEC}
		{39A42F72-3AD0-4F56-A577-41074CE37FE1} = {ABA7303E-1887-4681-8A0F-26552E6D4EBD}
		{9A4E286B-FE2C-4985-AFBC-FA1A598F97C1} = {170F3A33-9AE7-4E9B-B254-C7ED51B362F5}
		{9ADB79CC-ED42-4D09-83E3-A237CABFAA8F} = {16569804-3C45-4D7E-857D-171287FBC963}
		{B886AEA1-0B4A-4F1A-A208-64C9DD720FC3} = {16569804-3C45-4D7E-857D-171287FBC963}
	EndGlobalSection
EndGlobal
