
Microsoft Visual Studio Solution File, Format Version 12.00
# Visual Studio 2012
Project("{FAE04EC0-301F-11D3-BF4B-00C04F79EFBC}") = "EG.WeChat.Web", "EG.WeChat.Web\EG.WeChat.Web.csproj", "{9A4E286B-FE2C-4985-AFBC-FA1A598F97C1}"
EndProject
Project("{FAE04EC0-301F-11D3-BF4B-00C04F79EFBC}") = "EG.WeChat.Business", "EG.WeChat.Business\EG.WeChat.Business.csproj", "{9ADB79CC-ED42-4D09-83E3-A237CABFAA8F}"
EndProject
Project("{FAE04EC0-301F-11D3-BF4B-00C04F79EFBC}") = "EG.WeChat.Platform", "EG.WeChat.Platform\EG.WeChat.Platform.csproj", "{B886AEA1-0B4A-4F1A-A208-64C9DD720FC3}"
EndProject
Project("{FAE04EC0-301F-11D3-BF4B-00C04F79EFBC}") = "EG.WeChat.Utility", "..\TG.Utility\EG.WeChat.Utility\EG.WeChat.Utility.csproj", "{39A42F72-3AD0-4F56-A577-41074CE37FE1}"
EndProject
Project("{2150E333-8FDC-42A3-9474-1A3956D46DE8}") = "EG.WeChat", "EG.WeChat", "{7833C5C3-8B75-4391-9218-0198B3D28AEC}"
EndProject
Project("{2150E333-8FDC-42A3-9474-1A3956D46DE8}") = "TG.Utility", "TG.Utility", "{ABA7303E-1887-4681-8A0F-26552E6D4EBD}"
EndProject
Project("{2150E333-8FDC-42A3-9474-1A3956D46DE8}") = "MVC", "MVC", "{170F3A33-9AE7-4E9B-B254-C7ED51B362F5}"
EndProject
Project("{2150E333-8FDC-42A3-9474-1A3956D46DE8}") = "BL", "BL", "{16569804-3C45-4D7E-857D-171287FBC963}"
EndProject
Project("{FAE04EC0-301F-11D3-BF4B-00C04F79EFBC}") = "EGCommon_Net4.0", "..\TG.Utility\EG.Common\EGCommon\EGCommon_Net4.0.csproj", "{61F7723F-F2FF-41B5-8FF9-332E55D404EA}"
EndProject
Project("{2150E333-8FDC-42A3-9474-1A3956D46DE8}") = "TG.Example", "TG.Example", "{5AA3E73B-BFC0-457F-AC90-F985AFEA8E0C}"
EndProject
Project("{FAE04EC0-301F-11D3-BF4B-00C04F79EFBC}") = "TG.Example", "..\TG.Example\TG.Base\TG.Example.csproj", "{0E304481-B41E-49FF-B724-6FBA4916269B}"
EndProject
Project("{2150E333-8FDC-42A3-9474-1A3956D46DE8}") = "BL", "BL", "{96E9609A-83EA-440D-92BB-02754E1E9E59}"
EndProject
Project("{2150E333-8FDC-42A3-9474-1A3956D46DE8}") = "View", "View", "{3DA0C611-CE91-4553-80FD-E771ED4627E1}"
EndProject
Project("{FAE04EC0-301F-11D3-BF4B-00C04F79EFBC}") = "TG.Example.View", "..\TG.Example\TG.Example.View\TG.Example.View.csproj", "{1B872863-0F92-428E-A80F-B5E48A2ABB9A}"
EndProject
Project("{2150E333-8FDC-42A3-9474-1A3956D46DE8}") = "TG.Test", "TG.Test", "{D27D9C46-82B0-40B8-B99C-483F834BB501}"
EndProject
Project("{2150E333-8FDC-42A3-9474-1A3956D46DE8}") = "EG.DTM", "EG.DTM", "{6C351CFF-33C2-4F60-879E-E86A8B412EDD}"
EndProject
Project("{2150E333-8FDC-42A3-9474-1A3956D46DE8}") = "Test", "Test", "{0E314CC5-A7B0-4C6D-869D-51270526CB06}"
EndProject
Project("{FAE04EC0-301F-11D3-BF4B-00C04F79EFBC}") = "EG.WeChat.UnitTest", "EG.WeChat.UnitTest\EG.WeChat.UnitTest.csproj", "{F49C7C42-D753-4150-B05E-641D92188355}"
EndProject
Project("{FAE04EC0-301F-11D3-BF4B-00C04F79EFBC}") = "EG.WeChat.UnitTest.Console", "EG.WeChat.UnitTest.Console\EG.WeChat.UnitTest.Console.csproj", "{DB4B0B20-FCA1-4CB4-8369-6FE26EECEB96}"
EndProject
Global
	GlobalSection(SolutionConfigurationPlatforms) = preSolution
		Debug|Any CPU = Debug|Any CPU
		Publishes|Any CPU = Publishes|Any CPU
		Release|Any CPU = Release|Any CPU
	EndGlobalSection
	GlobalSection(ProjectConfigurationPlatforms) = postSolution
		{9A4E286B-FE2C-4985-AFBC-FA1A598F97C1}.Debug|Any CPU.ActiveCfg = Debug|Any CPU
		{9A4E286B-FE2C-4985-AFBC-FA1A598F97C1}.Debug|Any CPU.Build.0 = Debug|Any CPU
		{9A4E286B-FE2C-4985-AFBC-FA1A598F97C1}.Publishes|Any CPU.ActiveCfg = Publishes|Any CPU
		{9A4E286B-FE2C-4985-AFBC-FA1A598F97C1}.Publishes|Any CPU.Build.0 = Publishes|Any CPU
		{9A4E286B-FE2C-4985-AFBC-FA1A598F97C1}.Release|Any CPU.ActiveCfg = Publishes|Any CPU
		{9A4E286B-FE2C-4985-AFBC-FA1A598F97C1}.Release|Any CPU.Build.0 = Publishes|Any CPU
		{9ADB79CC-ED42-4D09-83E3-A237CABFAA8F}.Debug|Any CPU.ActiveCfg = Debug|Any CPU
		{9ADB79CC-ED42-4D09-83E3-A237CABFAA8F}.Debug|Any CPU.Build.0 = Debug|Any CPU
		{9ADB79CC-ED42-4D09-83E3-A237CABFAA8F}.Publishes|Any CPU.ActiveCfg = Debug|Any CPU
		{9ADB79CC-ED42-4D09-83E3-A237CABFAA8F}.Publishes|Any CPU.Build.0 = Debug|Any CPU
		{9ADB79CC-ED42-4D09-83E3-A237CABFAA8F}.Release|Any CPU.ActiveCfg = Debug|Any CPU
		{9ADB79CC-ED42-4D09-83E3-A237CABFAA8F}.Release|Any CPU.Build.0 = Debug|Any CPU
		{B886AEA1-0B4A-4F1A-A208-64C9DD720FC3}.Debug|Any CPU.ActiveCfg = Debug|Any CPU
		{B886AEA1-0B4A-4F1A-A208-64C9DD720FC3}.Debug|Any CPU.Build.0 = Debug|Any CPU
		{B886AEA1-0B4A-4F1A-A208-64C9DD720FC3}.Publishes|Any CPU.ActiveCfg = Release|Any CPU
		{B886AEA1-0B4A-4F1A-A208-64C9DD720FC3}.Publishes|Any CPU.Build.0 = Release|Any CPU
		{B886AEA1-0B4A-4F1A-A208-64C9DD720FC3}.Release|Any CPU.ActiveCfg = Release|Any CPU
		{B886AEA1-0B4A-4F1A-A208-64C9DD720FC3}.Release|Any CPU.Build.0 = Release|Any CPU
		{39A42F72-3AD0-4F56-A577-41074CE37FE1}.Debug|Any CPU.ActiveCfg = Debug|Any CPU
		{39A42F72-3AD0-4F56-A577-41074CE37FE1}.Debug|Any CPU.Build.0 = Debug|Any CPU
		{39A42F72-3AD0-4F56-A577-41074CE37FE1}.Publishes|Any CPU.ActiveCfg = Release|Any CPU
		{39A42F72-3AD0-4F56-A577-41074CE37FE1}.Publishes|Any CPU.Build.0 = Release|Any CPU
		{39A42F72-3AD0-4F56-A577-41074CE37FE1}.Release|Any CPU.ActiveCfg = Release|Any CPU
		{39A42F72-3AD0-4F56-A577-41074CE37FE1}.Release|Any CPU.Build.0 = Release|Any CPU
		{61F7723F-F2FF-41B5-8FF9-332E55D404EA}.Debug|Any CPU.ActiveCfg = Debug|Any CPU
		{61F7723F-F2FF-41B5-8FF9-332E55D404EA}.Debug|Any CPU.Build.0 = Debug|Any CPU
		{61F7723F-F2FF-41B5-8FF9-332E55D404EA}.Publishes|Any CPU.ActiveCfg = Release|Any CPU
		{61F7723F-F2FF-41B5-8FF9-332E55D404EA}.Publishes|Any CPU.Build.0 = Release|Any CPU
		{61F7723F-F2FF-41B5-8FF9-332E55D404EA}.Release|Any CPU.ActiveCfg = Release|Any CPU
		{61F7723F-F2FF-41B5-8FF9-332E55D404EA}.Release|Any CPU.Build.0 = Release|Any CPU
		{0E304481-B41E-49FF-B724-6FBA4916269B}.Debug|Any CPU.ActiveCfg = Debug|Any CPU
		{0E304481-B41E-49FF-B724-6FBA4916269B}.Debug|Any CPU.Build.0 = Debug|Any CPU
		{0E304481-B41E-49FF-B724-6FBA4916269B}.Publishes|Any CPU.ActiveCfg = Release|Any CPU
		{0E304481-B41E-49FF-B724-6FBA4916269B}.Publishes|Any CPU.Build.0 = Release|Any CPU
		{0E304481-B41E-49FF-B724-6FBA4916269B}.Release|Any CPU.ActiveCfg = Release|Any CPU
		{0E304481-B41E-49FF-B724-6FBA4916269B}.Release|Any CPU.Build.0 = Release|Any CPU
		{1B872863-0F92-428E-A80F-B5E48A2ABB9A}.Debug|Any CPU.ActiveCfg = Debug|Any CPU
		{1B872863-0F92-428E-A80F-B5E48A2ABB9A}.Debug|Any CPU.Build.0 = Debug|Any CPU
		{1B872863-0F92-428E-A80F-B5E48A2ABB9A}.Publishes|Any CPU.ActiveCfg = Release|Any CPU
		{1B872863-0F92-428E-A80F-B5E48A2ABB9A}.Publishes|Any CPU.Build.0 = Release|Any CPU
		{1B872863-0F92-428E-A80F-B5E48A2ABB9A}.Release|Any CPU.ActiveCfg = Release|Any CPU
		{1B872863-0F92-428E-A80F-B5E48A2ABB9A}.Release|Any CPU.Build.0 = Release|Any CPU
		{F49C7C42-D753-4150-B05E-641D92188355}.Debug|Any CPU.ActiveCfg = Debug|Any CPU
		{F49C7C42-D753-4150-B05E-641D92188355}.Debug|Any CPU.Build.0 = Debug|Any CPU
		{F49C7C42-D753-4150-B05E-641D92188355}.Publishes|Any CPU.ActiveCfg = Release|Any CPU
		{F49C7C42-D753-4150-B05E-641D92188355}.Publishes|Any CPU.Build.0 = Release|Any CPU
		{F49C7C42-D753-4150-B05E-641D92188355}.Release|Any CPU.ActiveCfg = Release|Any CPU
		{F49C7C42-D753-4150-B05E-641D92188355}.Release|Any CPU.Build.0 = Release|Any CPU
		{DB4B0B20-FCA1-4CB4-8369-6FE26EECEB96}.Debug|Any CPU.ActiveCfg = Debug|Any CPU
		{DB4B0B20-FCA1-4CB4-8369-6FE26EECEB96}.Debug|Any CPU.Build.0 = Debug|Any CPU
		{DB4B0B20-FCA1-4CB4-8369-6FE26EECEB96}.Publishes|Any CPU.ActiveCfg = Release|Any CPU
		{DB4B0B20-FCA1-4CB4-8369-6FE26EECEB96}.Publishes|Any CPU.Build.0 = Release|Any CPU
		{DB4B0B20-FCA1-4CB4-8369-6FE26EECEB96}.Release|Any CPU.ActiveCfg = Release|Any CPU
		{DB4B0B20-FCA1-4CB4-8369-6FE26EECEB96}.Release|Any CPU.Build.0 = Release|Any CPU
	EndGlobalSection
	GlobalSection(SolutionProperties) = preSolution
		HideSolutionNode = FALSE
	EndGlobalSection
	GlobalSection(NestedProjects) = preSolution
		{16569804-3C45-4D7E-857D-171287FBC963} = {7833C5C3-8B75-4391-9218-0198B3D28AEC}
		{170F3A33-9AE7-4E9B-B254-C7ED51B362F5} = {7833C5C3-8B75-4391-9218-0198B3D28AEC}
		{0E314CC5-A7B0-4C6D-869D-51270526CB06} = {7833C5C3-8B75-4391-9218-0198B3D28AEC}
		{B886AEA1-0B4A-4F1A-A208-64C9DD720FC3} = {16569804-3C45-4D7E-857D-171287FBC963}
		{9ADB79CC-ED42-4D09-83E3-A237CABFAA8F} = {16569804-3C45-4D7E-857D-171287FBC963}
		{39A42F72-3AD0-4F56-A577-41074CE37FE1} = {ABA7303E-1887-4681-8A0F-26552E6D4EBD}
		{61F7723F-F2FF-41B5-8FF9-332E55D404EA} = {ABA7303E-1887-4681-8A0F-26552E6D4EBD}
		{9A4E286B-FE2C-4985-AFBC-FA1A598F97C1} = {170F3A33-9AE7-4E9B-B254-C7ED51B362F5}
		{96E9609A-83EA-440D-92BB-02754E1E9E59} = {5AA3E73B-BFC0-457F-AC90-F985AFEA8E0C}
		{3DA0C611-CE91-4553-80FD-E771ED4627E1} = {5AA3E73B-BFC0-457F-AC90-F985AFEA8E0C}
		{0E304481-B41E-49FF-B724-6FBA4916269B} = {96E9609A-83EA-440D-92BB-02754E1E9E59}
		{1B872863-0F92-428E-A80F-B5E48A2ABB9A} = {3DA0C611-CE91-4553-80FD-E771ED4627E1}
		{F49C7C42-D753-4150-B05E-641D92188355} = {0E314CC5-A7B0-4C6D-869D-51270526CB06}
		{DB4B0B20-FCA1-4CB4-8369-6FE26EECEB96} = {0E314CC5-A7B0-4C6D-869D-51270526CB06}
	EndGlobalSection
EndGlobal
